
Microsoft Visual Studio Solution File, Format Version 12.00
# Visual Studio Version 17
VisualStudioVersion = 17.10.35122.118
MinimumVisualStudioVersion = 10.0.40219.1
Project("{9A19103F-16F7-4668-BE54-9A1E7A4F7556}") = "NWPXH6_HSZF_2024251.Console", "NWPXH6_HSZF_2024251.Console\NWPXH6_HSZF_2024251.Console.csproj", "{574C6D25-C56D-4192-87F5-A4C7889D1C2F}"
EndProject
Project("{2150E333-8FDC-42A3-9474-1A3956D46DE8}") = "Domain", "Domain", "{A14D4D84-DD8A-4E95-B3A3-9D5901C70036}"
EndProject
Project("{2150E333-8FDC-42A3-9474-1A3956D46DE8}") = "Application", "Application", "{FE8AD506-14A3-4106-83CA-C1CBD494F41A}"
EndProject
Project("{2150E333-8FDC-42A3-9474-1A3956D46DE8}") = "Infrastructure", "Infrastructure", "{7B89EB8F-9F47-4994-86F8-71F91F3DDBC7}"
EndProject
Project("{2150E333-8FDC-42A3-9474-1A3956D46DE8}") = "Presentation", "Presentation", "{15C99EA8-3873-4AF5-8E09-95ECC5838B35}"
EndProject
Project("{2150E333-8FDC-42A3-9474-1A3956D46DE8}") = "Tests", "Tests", "{1BFCA138-D30E-4B10-940A-BD9B655AF1C3}"
EndProject
Project("{9A19103F-16F7-4668-BE54-9A1E7A4F7556}") = "NWPXH6_HSZF_2024251.Test", "NWPXH6_HSZF_2024251.Test\NWPXH6_HSZF_2024251.Test.csproj", "{5A620BC9-B4A6-4586-A4FD-06B54BB718D6}"
EndProject
Project("{9A19103F-16F7-4668-BE54-9A1E7A4F7556}") = "NWPXH6_HSZF_2024251.Application", "NWPXH6_HSZF_2024251.Application\NWPXH6_HSZF_2024251.Application.csproj", "{2B635D3B-5C09-4B95-BBFE-C70D0600345A}"
EndProject
Project("{9A19103F-16F7-4668-BE54-9A1E7A4F7556}") = "NWPXH6_HSZF_2024251.Model", "NWPXH6_HSZF_2024251.Model\NWPXH6_HSZF_2024251.Model.csproj", "{79375F75-D58E-4156-9823-C2F76A3C8553}"
EndProject
Project("{9A19103F-16F7-4668-BE54-9A1E7A4F7556}") = "NWPXH6_HSZF_2024251.Persistence.MsSql", "NWPXH6_HSZF_2024251.Persistence.MsSql\NWPXH6_HSZF_2024251.Persistence.MsSql.csproj", "{23F53850-ED4A-4926-8A9D-12442CA1DBA1}"
EndProject
Global
	GlobalSection(SolutionConfigurationPlatforms) = preSolution
		Debug|Any CPU = Debug|Any CPU
		Release|Any CPU = Release|Any CPU
	EndGlobalSection
	GlobalSection(ProjectConfigurationPlatforms) = postSolution
		{574C6D25-C56D-4192-87F5-A4C7889D1C2F}.Debug|Any CPU.ActiveCfg = Debug|Any CPU
		{574C6D25-C56D-4192-87F5-A4C7889D1C2F}.Debug|Any CPU.Build.0 = Debug|Any CPU
		{574C6D25-C56D-4192-87F5-A4C7889D1C2F}.Release|Any CPU.ActiveCfg = Release|Any CPU
		{574C6D25-C56D-4192-87F5-A4C7889D1C2F}.Release|Any CPU.Build.0 = Release|Any CPU
		{5A620BC9-B4A6-4586-A4FD-06B54BB718D6}.Debug|Any CPU.ActiveCfg = Debug|Any CPU
		{5A620BC9-B4A6-4586-A4FD-06B54BB718D6}.Debug|Any CPU.Build.0 = Debug|Any CPU
		{5A620BC9-B4A6-4586-A4FD-06B54BB718D6}.Release|Any CPU.ActiveCfg = Release|Any CPU
		{5A620BC9-B4A6-4586-A4FD-06B54BB718D6}.Release|Any CPU.Build.0 = Release|Any CPU
		{2B635D3B-5C09-4B95-BBFE-C70D0600345A}.Debug|Any CPU.ActiveCfg = Debug|Any CPU
		{2B635D3B-5C09-4B95-BBFE-C70D0600345A}.Debug|Any CPU.Build.0 = Debug|Any CPU
		{2B635D3B-5C09-4B95-BBFE-C70D0600345A}.Release|Any CPU.ActiveCfg = Release|Any CPU
		{2B635D3B-5C09-4B95-BBFE-C70D0600345A}.Release|Any CPU.Build.0 = Release|Any CPU
		{79375F75-D58E-4156-9823-C2F76A3C8553}.Debug|Any CPU.ActiveCfg = Debug|Any CPU
		{79375F75-D58E-4156-9823-C2F76A3C8553}.Debug|Any CPU.Build.0 = Debug|Any CPU
		{79375F75-D58E-4156-9823-C2F76A3C8553}.Release|Any CPU.ActiveCfg = Release|Any CPU
		{79375F75-D58E-4156-9823-C2F76A3C8553}.Release|Any CPU.Build.0 = Release|Any CPU
		{23F53850-ED4A-4926-8A9D-12442CA1DBA1}.Debug|Any CPU.ActiveCfg = Debug|Any CPU
		{23F53850-ED4A-4926-8A9D-12442CA1DBA1}.Debug|Any CPU.Build.0 = Debug|Any CPU
		{23F53850-ED4A-4926-8A9D-12442CA1DBA1}.Release|Any CPU.ActiveCfg = Release|Any CPU
		{23F53850-ED4A-4926-8A9D-12442CA1DBA1}.Release|Any CPU.Build.0 = Release|Any CPU
	EndGlobalSection
	GlobalSection(SolutionProperties) = preSolution
		HideSolutionNode = FALSE
	EndGlobalSection
	GlobalSection(NestedProjects) = preSolution
		{574C6D25-C56D-4192-87F5-A4C7889D1C2F} = {15C99EA8-3873-4AF5-8E09-95ECC5838B35}
		{5A620BC9-B4A6-4586-A4FD-06B54BB718D6} = {1BFCA138-D30E-4B10-940A-BD9B655AF1C3}
		{2B635D3B-5C09-4B95-BBFE-C70D0600345A} = {FE8AD506-14A3-4106-83CA-C1CBD494F41A}
		{79375F75-D58E-4156-9823-C2F76A3C8553} = {A14D4D84-DD8A-4E95-B3A3-9D5901C70036}
		{23F53850-ED4A-4926-8A9D-12442CA1DBA1} = {7B89EB8F-9F47-4994-86F8-71F91F3DDBC7}
	EndGlobalSection
	GlobalSection(ExtensibilityGlobals) = postSolution
		SolutionGuid = {1FF7881D-E9A8-4E1D-A1C0-EEAB33F1BF6B}
	EndGlobalSection
EndGlobal
